// !$*UTF8*$!
{
	archiveVersion = 1;
	classes = {
	};
	objectVersion = 56;
	objects = {

/* Begin PBXBuildFile section */
		6E5F249629A68A38004E0CCC /* AppDelegate.swift in Sources */ = {isa = PBXBuildFile; fileRef = 6E5F249529A68A38004E0CCC /* AppDelegate.swift */; };
		6E5F249829A68A38004E0CCC /* SceneDelegate.swift in Sources */ = {isa = PBXBuildFile; fileRef = 6E5F249729A68A38004E0CCC /* SceneDelegate.swift */; };
		6E5F249A29A68A38004E0CCC /* ViewController.swift in Sources */ = {isa = PBXBuildFile; fileRef = 6E5F249929A68A38004E0CCC /* ViewController.swift */; };
		6E5F249D29A68A38004E0CCC /* Main.storyboard in Resources */ = {isa = PBXBuildFile; fileRef = 6E5F249B29A68A38004E0CCC /* Main.storyboard */; };
		6E5F249F29A68A39004E0CCC /* Assets.xcassets in Resources */ = {isa = PBXBuildFile; fileRef = 6E5F249E29A68A39004E0CCC /* Assets.xcassets */; };
		6E5F24A229A68A39004E0CCC /* LaunchScreen.storyboard in Resources */ = {isa = PBXBuildFile; fileRef = 6E5F24A029A68A39004E0CCC /* LaunchScreen.storyboard */; };
		6E5F24B129A68B94004E0CCC /* E.wav in Resources */ = {isa = PBXBuildFile; fileRef = 6E5F24AA29A68B94004E0CCC /* E.wav */; };
		6E5F24B229A68B94004E0CCC /* G.wav in Resources */ = {isa = PBXBuildFile; fileRef = 6E5F24AB29A68B94004E0CCC /* G.wav */; };
		6E5F24B329A68B94004E0CCC /* C.wav in Resources */ = {isa = PBXBuildFile; fileRef = 6E5F24AC29A68B94004E0CCC /* C.wav */; };
		6E5F24B429A68B94004E0CCC /* D.wav in Resources */ = {isa = PBXBuildFile; fileRef = 6E5F24AD29A68B94004E0CCC /* D.wav */; };
		6E5F24B529A68B94004E0CCC /* B.wav in Resources */ = {isa = PBXBuildFile; fileRef = 6E5F24AE29A68B94004E0CCC /* B.wav */; };
		6E5F24B629A68B94004E0CCC /* F.wav in Resources */ = {isa = PBXBuildFile; fileRef = 6E5F24AF29A68B94004E0CCC /* F.wav */; };
		6E5F24B729A68B94004E0CCC /* A.wav in Resources */ = {isa = PBXBuildFile; fileRef = 6E5F24B029A68B94004E0CCC /* A.wav */; };
/* End PBXBuildFile section */

/* Begin PBXFileReference section */
		6E5F249229A68A38004E0CCC /* Xylophone.app */ = {isa = PBXFileReference; explicitFileType = wrapper.application; includeInIndex = 0; path = Xylophone.app; sourceTree = BUILT_PRODUCTS_DIR; };
		6E5F249529A68A38004E0CCC /* AppDelegate.swift */ = {isa = PBXFileReference; lastKnownFileType = sourcecode.swift; path = AppDelegate.swift; sourceTree = "<group>"; };
		6E5F249729A68A38004E0CCC /* SceneDelegate.swift */ = {isa = PBXFileReference; lastKnownFileType = sourcecode.swift; path = SceneDelegate.swift; sourceTree = "<group>"; };
		6E5F249929A68A38004E0CCC /* ViewController.swift */ = {isa = PBXFileReference; lastKnownFileType = sourcecode.swift; path = ViewController.swift; sourceTree = "<group>"; };
		6E5F249C29A68A38004E0CCC /* Base */ = {isa = PBXFileReference; lastKnownFileType = file.storyboard; name = Base; path = Base.lproj/Main.storyboard; sourceTree = "<group>"; };
		6E5F249E29A68A39004E0CCC /* Assets.xcassets */ = {isa = PBXFileReference; lastKnownFileType = folder.assetcatalog; path = Assets.xcassets; sourceTree = "<group>"; };
		6E5F24A129A68A39004E0CCC /* Base */ = {isa = PBXFileReference; lastKnownFileType = file.storyboard; name = Base; path = Base.lproj/LaunchScreen.storyboard; sourceTree = "<group>"; };
		6E5F24A329A68A39004E0CCC /* Info.plist */ = {isa = PBXFileReference; lastKnownFileType = text.plist.xml; path = Info.plist; sourceTree = "<group>"; };
		6E5F24AA29A68B94004E0CCC /* E.wav */ = {isa = PBXFileReference; lastKnownFileType = audio.wav; path = E.wav; sourceTree = "<group>"; };
		6E5F24AB29A68B94004E0CCC /* G.wav */ = {isa = PBXFileReference; lastKnownFileType = audio.wav; path = G.wav; sourceTree = "<group>"; };
		6E5F24AC29A68B94004E0CCC /* C.wav */ = {isa = PBXFileReference; lastKnownFileType = audio.wav; path = C.wav; sourceTree = "<group>"; };
		6E5F24AD29A68B94004E0CCC /* D.wav */ = {isa = PBXFileReference; lastKnownFileType = audio.wav; path = D.wav; sourceTree = "<group>"; };
		6E5F24AE29A68B94004E0CCC /* B.wav */ = {isa = PBXFileReference; lastKnownFileType = audio.wav; path = B.wav; sourceTree = "<group>"; };
		6E5F24AF29A68B94004E0CCC /* F.wav */ = {isa = PBXFileReference; lastKnownFileType = audio.wav; path = F.wav; sourceTree = "<group>"; };
		6E5F24B029A68B94004E0CCC /* A.wav */ = {isa = PBXFileReference; lastKnownFileType = audio.wav; path = A.wav; sourceTree = "<group>"; };
/* End PBXFileReference section */

/* Begin PBXFrameworksBuildPhase section */
		6E5F248F29A68A38004E0CCC /* Frameworks */ = {
			isa = PBXFrameworksBuildPhase;
			buildActionMask = 2147483647;
			files = (
			);
			runOnlyForDeploymentPostprocessing = 0;
		};
/* End PBXFrameworksBuildPhase section */

/* Begin PBXGroup section */
		6E5F248929A68A38004E0CCC = {
			isa = PBXGroup;
			children = (
				6E5F249429A68A38004E0CCC /* Xylophone */,
				6E5F249329A68A38004E0CCC /* Products */,
			);
			sourceTree = "<group>";
		};
		6E5F249329A68A38004E0CCC /* Products */ = {
			isa = PBXGroup;
			children = (
				6E5F249229A68A38004E0CCC /* Xylophone.app */,
			);
			name = Products;
			sourceTree = "<group>";
		};
		6E5F249429A68A38004E0CCC /* Xylophone */ = {
			isa = PBXGroup;
			children = (
				6E5F249529A68A38004E0CCC /* AppDelegate.swift */,
				6E5F249729A68A38004E0CCC /* SceneDelegate.swift */,
				6E5F249929A68A38004E0CCC /* ViewController.swift */,
				6E5F249B29A68A38004E0CCC /* Main.storyboard */,
				6E5F249E29A68A39004E0CCC /* Assets.xcassets */,
				6E5F24A029A68A39004E0CCC /* LaunchScreen.storyboard */,
				6E5F24A329A68A39004E0CCC /* Info.plist */,
				6E5F24A929A68B55004E0CCC /* Sounds */,
			);
			path = Xylophone;
			sourceTree = "<group>";
		};
		6E5F24A929A68B55004E0CCC /* Sounds */ = {
			isa = PBXGroup;
			children = (
				6E5F24B029A68B94004E0CCC /* A.wav */,
				6E5F24AE29A68B94004E0CCC /* B.wav */,
				6E5F24AC29A68B94004E0CCC /* C.wav */,
				6E5F24AD29A68B94004E0CCC /* D.wav */,
				6E5F24AA29A68B94004E0CCC /* E.wav */,
				6E5F24AF29A68B94004E0CCC /* F.wav */,
				6E5F24AB29A68B94004E0CCC /* G.wav */,
			);
			path = Sounds;
			sourceTree = "<group>";
		};
/* End PBXGroup section */

/* Begin PBXNativeTarget section */
		6E5F249129A68A38004E0CCC /* Xylophone */ = {
			isa = PBXNativeTarget;
			buildConfigurationList = 6E5F24A629A68A39004E0CCC /* Build configuration list for PBXNativeTarget "Xylophone" */;
			buildPhases = (
				6E5F248E29A68A38004E0CCC /* Sources */,
				6E5F248F29A68A38004E0CCC /* Frameworks */,
				6E5F249029A68A38004E0CCC /* Resources */,
			);
			buildRules = (
			);
			dependencies = (
			);
			name = Xylophone;
			productName = Xylophone;
			productReference = 6E5F249229A68A38004E0CCC /* Xylophone.app */;
			productType = "com.apple.product-type.application";
		};
/* End PBXNativeTarget section */

/* Begin PBXProject section */
		6E5F248A29A68A38004E0CCC /* Project object */ = {
			isa = PBXProject;
			attributes = {
				BuildIndependentTargetsInParallel = 1;
				LastSwiftUpdateCheck = 1420;
				LastUpgradeCheck = 1420;
				TargetAttributes = {
					6E5F249129A68A38004E0CCC = {
						CreatedOnToolsVersion = 14.2;
					};
				};
			};
			buildConfigurationList = 6E5F248D29A68A38004E0CCC /* Build configuration list for PBXProject "Xylophone" */;
			compatibilityVersion = "Xcode 14.0";
			developmentRegion = en;
			hasScannedForEncodings = 0;
			knownRegions = (
				en,
				Base,
			);
			mainGroup = 6E5F248929A68A38004E0CCC;
			productRefGroup = 6E5F249329A68A38004E0CCC /* Products */;
			projectDirPath = "";
			projectRoot = "";
			targets = (
				6E5F249129A68A38004E0CCC /* Xylophone */,
			);
		};
/* End PBXProject section */

/* Begin PBXResourcesBuildPhase section */
		6E5F249029A68A38004E0CCC /* Resources */ = {
			isa = PBXResourcesBuildPhase;
			buildActionMask = 2147483647;
			files = (
				6E5F24B329A68B94004E0CCC /* C.wav in Resources */,
				6E5F24A229A68A39004E0CCC /* LaunchScreen.storyboard in Resources */,
				6E5F24B429A68B94004E0CCC /* D.wav in Resources */,
				6E5F24B629A68B94004E0CCC /* F.wav in Resources */,
				6E5F24B529A68B94004E0CCC /* B.wav in Resources */,
				6E5F24B229A68B94004E0CCC /* G.wav in Resources */,
				6E5F249F29A68A39004E0CCC /* Assets.xcassets in Resources */,
				6E5F24B129A68B94004E0CCC /* E.wav in Resources */,
				6E5F24B729A68B94004E0CCC /* A.wav in Resources */,
				6E5F249D29A68A38004E0CCC /* Main.storyboard in Resources */,
			);
			runOnlyForDeploymentPostprocessing = 0;
		};
/* End PBXResourcesBuildPhase section */

/* Begin PBXSourcesBuildPhase section */
		6E5F248E29A68A38004E0CCC /* Sources */ = {
			isa = PBXSourcesBuildPhase;
			buildActionMask = 2147483647;
			files = (
				6E5F249A29A68A38004E0CCC /* ViewController.swift in Sources */,
				6E5F249629A68A38004E0CCC /* AppDelegate.swift in Sources */,
				6E5F249829A68A38004E0CCC /* SceneDelegate.swift in Sources */,
			);
			runOnlyForDeploymentPostprocessing = 0;
		};
/* End PBXSourcesBuildPhase section */

/* Begin PBXVariantGroup section */
		6E5F249B29A68A38004E0CCC /* Main.storyboard */ = {
			isa = PBXVariantGroup;
			children = (
				6E5F249C29A68A38004E0CCC /* Base */,
			);
			name = Main.storyboard;
			sourceTree = "<group>";
		};
		6E5F24A029A68A39004E0CCC /* LaunchScreen.storyboard */ = {
			isa = PBXVariantGroup;
			children = (
				6E5F24A129A68A39004E0CCC /* Base */,
			);
			name = LaunchScreen.storyboard;
			sourceTree = "<group>";
		};
/* End PBXVariantGroup section */

/* Begin XCBuildConfiguration section */
		6E5F24A429A68A39004E0CCC /* Debug */ = {
			isa = XCBuildConfiguration;
			buildSettings = {
				ALWAYS_SEARCH_USER_PATHS = NO;
				CLANG_ANALYZER_NONNULL = YES;
				CLANG_ANALYZER_NUMBER_OBJECT_CONVERSION = YES_AGGRESSIVE;
				CLANG_CXX_LANGUAGE_STANDARD = "gnu++20";
				CLANG_ENABLE_MODULES = YES;
				CLANG_ENABLE_OBJC_ARC = YES;
				CLANG_ENABLE_OBJC_WEAK = YES;
				CLANG_WARN_BLOCK_CAPTURE_AUTORELEASING = YES;
				CLANG_WARN_BOOL_CONVERSION = YES;
				CLANG_WARN_COMMA = YES;
				CLANG_WARN_CONSTANT_CONVERSION = YES;
				CLANG_WARN_DEPRECATED_OBJC_IMPLEMENTATIONS = YES;
				CLANG_WARN_DIRECT_OBJC_ISA_USAGE = YES_ERROR;
				CLANG_WARN_DOCUMENTATION_COMMENTS = YES;
				CLANG_WARN_EMPTY_BODY = YES;
				CLANG_WARN_ENUM_CONVERSION = YES;
				CLANG_WARN_INFINITE_RECURSION = YES;
				CLANG_WARN_INT_CONVERSION = YES;
				CLANG_WARN_NON_LITERAL_NULL_CONVERSION = YES;
				CLANG_WARN_OBJC_IMPLICIT_RETAIN_SELF = YES;
				CLANG_WARN_OBJC_LITERAL_CONVERSION = YES;
				CLANG_WARN_OBJC_ROOT_CLASS = YES_ERROR;
				CLANG_WARN_QUOTED_INCLUDE_IN_FRAMEWORK_HEADER = YES;
				CLANG_WARN_RANGE_LOOP_ANALYSIS = YES;
				CLANG_WARN_STRICT_PROTOTYPES = YES;
				CLANG_WARN_SUSPICIOUS_MOVE = YES;
				CLANG_WARN_UNGUARDED_AVAILABILITY = YES_AGGRESSIVE;
				CLANG_WARN_UNREACHABLE_CODE = YES;
				CLANG_WARN__DUPLICATE_METHOD_MATCH = YES;
				COPY_PHASE_STRIP = NO;
				DEBUG_INFORMATION_FORMAT = dwarf;
				ENABLE_STRICT_OBJC_MSGSEND = YES;
				ENABLE_TESTABILITY = YES;
				GCC_C_LANGUAGE_STANDARD = gnu11;
				GCC_DYNAMIC_NO_PIC = NO;
				GCC_NO_COMMON_BLOCKS = YES;
				GCC_OPTIMIZATION_LEVEL = 0;
				GCC_PREPROCESSOR_DEFINITIONS = (
					"DEBUG=1",
					"$(inherited)",
				);
				GCC_WARN_64_TO_32_BIT_CONVERSION = YES;
				GCC_WARN_ABOUT_RETURN_TYPE = YES_ERROR;
				GCC_WARN_UNDECLARED_SELECTOR = YES;
				GCC_WARN_UNINITIALIZED_AUTOS = YES_AGGRESSIVE;
				GCC_WARN_UNUSED_FUNCTION = YES;
				GCC_WARN_UNUSED_VARIABLE = YES;
				IPHONEOS_DEPLOYMENT_TARGET = 16.2;
				MTL_ENABLE_DEBUG_INFO = INCLUDE_SOURCE;
				MTL_FAST_MATH = YES;
				ONLY_ACTIVE_ARCH = YES;
				SDKROOT = iphoneos;
				SWIFT_ACTIVE_COMPILATION_CONDITIONS = DEBUG;
				SWIFT_OPTIMIZATION_LEVEL = "-Onone";
			};
			name = Debug;
		};
		6E5F24A529A68A39004E0CCC /* Release */ = {
			isa = XCBuildConfiguration;
			buildSettings = {
				ALWAYS_SEARCH_USER_PATHS = NO;
				CLANG_ANALYZER_NONNULL = YES;
				CLANG_ANALYZER_NUMBER_OBJECT_CONVERSION = YES_AGGRESSIVE;
				CLANG_CXX_LANGUAGE_STANDARD = "gnu++20";
				CLANG_ENABLE_MODULES = YES;
				CLANG_ENABLE_OBJC_ARC = YES;
				CLANG_ENABLE_OBJC_WEAK = YES;
				CLANG_WARN_BLOCK_CAPTURE_AUTORELEASING = YES;
				CLANG_WARN_BOOL_CONVERSION = YES;
				CLANG_WARN_COMMA = YES;
				CLANG_WARN_CONSTANT_CONVERSION = YES;
				CLANG_WARN_DEPRECATED_OBJC_IMPLEMENTATIONS = YES;
				CLANG_WARN_DIRECT_OBJC_ISA_USAGE = YES_ERROR;
				CLANG_WARN_DOCUMENTATION_COMMENTS = YES;
				CLANG_WARN_EMPTY_BODY = YES;
				CLANG_WARN_ENUM_CONVERSION = YES;
				CLANG_WARN_INFINITE_RECURSION = YES;
				CLANG_WARN_INT_CONVERSION = YES;
				CLANG_WARN_NON_LITERAL_NULL_CONVERSION = YES;
				CLANG_WARN_OBJC_IMPLICIT_RETAIN_SELF = YES;
				CLANG_WARN_OBJC_LITERAL_CONVERSION = YES;
				CLANG_WARN_OBJC_ROOT_CLASS = YES_ERROR;
				CLANG_WARN_QUOTED_INCLUDE_IN_FRAMEWORK_HEADER = YES;
				CLANG_WARN_RANGE_LOOP_ANALYSIS = YES;
				CLANG_WARN_STRICT_PROTOTYPES = YES;
				CLANG_WARN_SUSPICIOUS_MOVE = YES;
				CLANG_WARN_UNGUARDED_AVAILABILITY = YES_AGGRESSIVE;
				CLANG_WARN_UNREACHABLE_CODE = YES;
				CLANG_WARN__DUPLICATE_METHOD_MATCH = YES;
				COPY_PHASE_STRIP = NO;
				DEBUG_INFORMATION_FORMAT = "dwarf-with-dsym";
				ENABLE_NS_ASSERTIONS = NO;
				ENABLE_STRICT_OBJC_MSGSEND = YES;
				GCC_C_LANGUAGE_STANDARD = gnu11;
				GCC_NO_COMMON_BLOCKS = YES;
				GCC_WARN_64_TO_32_BIT_CONVERSION = YES;
				GCC_WARN_ABOUT_RETURN_TYPE = YES_ERROR;
				GCC_WARN_UNDECLARED_SELECTOR = YES;
				GCC_WARN_UNINITIALIZED_AUTOS = YES_AGGRESSIVE;
				GCC_WARN_UNUSED_FUNCTION = YES;
				GCC_WARN_UNUSED_VARIABLE = YES;
				IPHONEOS_DEPLOYMENT_TARGET = 16.2;
				MTL_ENABLE_DEBUG_INFO = NO;
				MTL_FAST_MATH = YES;
				SDKROOT = iphoneos;
				SWIFT_COMPILATION_MODE = wholemodule;
				SWIFT_OPTIMIZATION_LEVEL = "-O";
				VALIDATE_PRODUCT = YES;
			};
			name = Release;
		};
		6E5F24A729A68A39004E0CCC /* Debug */ = {
			isa = XCBuildConfiguration;
			buildSettings = {
				ASSETCATALOG_COMPILER_APPICON_NAME = AppIcon;
				ASSETCATALOG_COMPILER_GLOBAL_ACCENT_COLOR_NAME = AccentColor;
				CODE_SIGN_STYLE = Automatic;
				CURRENT_PROJECT_VERSION = 1;
				DEVELOPMENT_TEAM = 227TQTFUXY;
				GENERATE_INFOPLIST_FILE = YES;
				INFOPLIST_FILE = Xylophone/Info.plist;
				INFOPLIST_KEY_UIApplicationSupportsIndirectInputEvents = YES;
				INFOPLIST_KEY_UILaunchStoryboardName = LaunchScreen;
				INFOPLIST_KEY_UIMainStoryboardFile = Main;
				INFOPLIST_KEY_UISupportedInterfaceOrientations_iPad = "UIInterfaceOrientationPortrait UIInterfaceOrientationPortraitUpsideDown UIInterfaceOrientationLandscapeLeft UIInterfaceOrientationLandscapeRight";
				INFOPLIST_KEY_UISupportedInterfaceOrientations_iPhone = "UIInterfaceOrientationPortrait UIInterfaceOrientationLandscapeLeft UIInterfaceOrientationLandscapeRight";
				LD_RUNPATH_SEARCH_PATHS = (
					"$(inherited)",
					"@executable_path/Frameworks",
				);
				MARKETING_VERSION = 1.0;
				PRODUCT_BUNDLE_IDENTIFIER = com.emresahin.Xylophone;
				PRODUCT_NAME = "$(TARGET_NAME)";
				SWIFT_EMIT_LOC_STRINGS = YES;
				SWIFT_VERSION = 5.0;
				TARGETED_DEVICE_FAMILY = "1,2";
			};
			name = Debug;
		};
		6E5F24A829A68A39004E0CCC /* Release */ = {
			isa = XCBuildConfiguration;
			buildSettings = {
				ASSETCATALOG_COMPILER_APPICON_NAME = AppIcon;
				ASSETCATALOG_COMPILER_GLOBAL_ACCENT_COLOR_NAME = AccentColor;
				CODE_SIGN_STYLE = Automatic;
				CURRENT_PROJECT_VERSION = 1;
				DEVELOPMENT_TEAM = 227TQTFUXY;
				GENERATE_INFOPLIST_FILE = YES;
				INFOPLIST_FILE = Xylophone/Info.plist;
				INFOPLIST_KEY_UIApplicationSupportsIndirectInputEvents = YES;
				INFOPLIST_KEY_UILaunchStoryboardName = LaunchScreen;
				INFOPLIST_KEY_UIMainStoryboardFile = Main;
				INFOPLIST_KEY_UISupportedInterfaceOrientations_iPad = "UIInterfaceOrientationPortrait UIInterfaceOrientationPortraitUpsideDown UIInterfaceOrientationLandscapeLeft UIInterfaceOrientationLandscapeRight";
				INFOPLIST_KEY_UISupportedInterfaceOrientations_iPhone = "UIInterfaceOrientationPortrait UIInterfaceOrientationLandscapeLeft UIInterfaceOrientationLandscapeRight";
				LD_RUNPATH_SEARCH_PATHS = (
					"$(inherited)",
					"@executable_path/Frameworks",
				);
				MARKETING_VERSION = 1.0;
				PRODUCT_BUNDLE_IDENTIFIER = com.emresahin.Xylophone;
				PRODUCT_NAME = "$(TARGET_NAME)";
				SWIFT_EMIT_LOC_STRINGS = YES;
				SWIFT_VERSION = 5.0;
				TARGETED_DEVICE_FAMILY = "1,2";
			};
			name = Release;
		};
/* End XCBuildConfiguration section */

/* Begin XCConfigurationList section */
		6E5F248D29A68A38004E0CCC /* Build configuration list for PBXProject "Xylophone" */ = {
			isa = XCConfigurationList;
			buildConfigurations = (
				6E5F24A429A68A39004E0CCC /* Debug */,
				6E5F24A529A68A39004E0CCC /* Release */,
			);
			defaultConfigurationIsVisible = 0;
			defaultConfigurationName = Release;
		};
		6E5F24A629A68A39004E0CCC /* Build configuration list for PBXNativeTarget "Xylophone" */ = {
			isa = XCConfigurationList;
			buildConfigurations = (
				6E5F24A729A68A39004E0CCC /* Debug */,
				6E5F24A829A68A39004E0CCC /* Release */,
			);
			defaultConfigurationIsVisible = 0;
			defaultConfigurationName = Release;
		};
/* End XCConfigurationList section */
	};
	rootObject = 6E5F248A29A68A38004E0CCC /* Project object */;
}
